// !$*UTF8*$!
{
	archiveVersion = 1;
	classes = {
	};
	objectVersion = 50;
	objects = {

/* Begin PBXBuildFile section */
		6F729FC624AE4B2900249CE9 /* main.m in Sources */ = {isa = PBXBuildFile; fileRef = 6F729FC524AE4B2900249CE9 /* main.m */; };
		6F8AC0A124AF96AA005104FD /* Person.m in Sources */ = {isa = PBXBuildFile; fileRef = 6F8AC0A024AF96AA005104FD /* Person.m */; };
		6F8AC0A424AFA7B8005104FD /* AnotherPerson.m in Sources */ = {isa = PBXBuildFile; fileRef = 6F8AC0A324AFA7B8005104FD /* AnotherPerson.m */; };
		6F8AC0A724AFD9A3005104FD /* NSString+Trimming.m in Sources */ = {isa = PBXBuildFile; fileRef = 6F8AC0A624AFD9A3005104FD /* NSString+Trimming.m */; };
/* End PBXBuildFile section */

/* Begin PBXCopyFilesBuildPhase section */
		6F729FC024AE4B2900249CE9 /* CopyFiles */ = {
			isa = PBXCopyFilesBuildPhase;
			buildActionMask = 2147483647;
			dstPath = /usr/share/man/man1/;
			dstSubfolderSpec = 0;
			files = (
			);
			runOnlyForDeploymentPostprocessing = 1;
		};
/* End PBXCopyFilesBuildPhase section */

/* Begin PBXFileReference section */
		6F729FC224AE4B2900249CE9 /* ObjectiveCTest */ = {isa = PBXFileReference; explicitFileType = "compiled.mach-o.executable"; includeInIndex = 0; path = ObjectiveCTest; sourceTree = BUILT_PRODUCTS_DIR; };
		6F729FC524AE4B2900249CE9 /* main.m */ = {isa = PBXFileReference; lastKnownFileType = sourcecode.c.objc; path = main.m; sourceTree = "<group>"; };
		6F8AC09F24AF96AA005104FD /* Person.h */ = {isa = PBXFileReference; lastKnownFileType = sourcecode.c.h; path = Person.h; sourceTree = "<group>"; };
		6F8AC0A024AF96AA005104FD /* Person.m */ = {isa = PBXFileReference; lastKnownFileType = sourcecode.c.objc; path = Person.m; sourceTree = "<group>"; };
		6F8AC0A224AFA7B8005104FD /* AnotherPerson.h */ = {isa = PBXFileReference; lastKnownFileType = sourcecode.c.h; path = AnotherPerson.h; sourceTree = "<group>"; };
		6F8AC0A324AFA7B8005104FD /* AnotherPerson.m */ = {isa = PBXFileReference; lastKnownFileType = sourcecode.c.objc; path = AnotherPerson.m; sourceTree = "<group>"; };
		6F8AC0A524AFD9A3005104FD /* NSString+Trimming.h */ = {isa = PBXFileReference; lastKnownFileType = sourcecode.c.h; path = "NSString+Trimming.h"; sourceTree = "<group>"; };
		6F8AC0A624AFD9A3005104FD /* NSString+Trimming.m */ = {isa = PBXFileReference; lastKnownFileType = sourcecode.c.objc; path = "NSString+Trimming.m"; sourceTree = "<group>"; };
/* End PBXFileReference section */

/* Begin PBXFrameworksBuildPhase section */
		6F729FBF24AE4B2900249CE9 /* Frameworks */ = {
			isa = PBXFrameworksBuildPhase;
			buildActionMask = 2147483647;
			files = (
			);
			runOnlyForDeploymentPostprocessing = 0;
		};
/* End PBXFrameworksBuildPhase section */

/* Begin PBXGroup section */
		6F729FB924AE4B2900249CE9 = {
			isa = PBXGroup;
			children = (
				6F729FC424AE4B2900249CE9 /* ObjectiveCTest */,
				6F729FC324AE4B2900249CE9 /* Products */,
			);
			sourceTree = "<group>";
		};
		6F729FC324AE4B2900249CE9 /* Products */ = {
			isa = PBXGroup;
			children = (
				6F729FC224AE4B2900249CE9 /* ObjectiveCTest */,
			);
			name = Products;
			sourceTree = "<group>";
		};
		6F729FC424AE4B2900249CE9 /* ObjectiveCTest */ = {
			isa = PBXGroup;
			children = (
				6F729FC524AE4B2900249CE9 /* main.m */,
				6F8AC0A524AFD9A3005104FD /* NSString+Trimming.h */,
				6F8AC0A624AFD9A3005104FD /* NSString+Trimming.m */,
				6F8AC09F24AF96AA005104FD /* Person.h */,
				6F8AC0A024AF96AA005104FD /* Person.m */,
				6F8AC0A224AFA7B8005104FD /* AnotherPerson.h */,
				6F8AC0A324AFA7B8005104FD /* AnotherPerson.m */,
			);
			path = ObjectiveCTest;
			sourceTree = "<group>";
		};
/* End PBXGroup section */

/* Begin PBXNativeTarget section */
		6F729FC124AE4B2900249CE9 /* ObjectiveCTest */ = {
			isa = PBXNativeTarget;
			buildConfigurationList = 6F729FC924AE4B2900249CE9 /* Build configuration list for PBXNativeTarget "ObjectiveCTest" */;
			buildPhases = (
				6F729FBE24AE4B2900249CE9 /* Sources */,
				6F729FBF24AE4B2900249CE9 /* Frameworks */,
				6F729FC024AE4B2900249CE9 /* CopyFiles */,
			);
			buildRules = (
			);
			dependencies = (
			);
			name = ObjectiveCTest;
			productName = ObjectiveCTest;
			productReference = 6F729FC224AE4B2900249CE9 /* ObjectiveCTest */;
			productType = "com.apple.product-type.tool";
		};
/* End PBXNativeTarget section */

/* Begin PBXProject section */
		6F729FBA24AE4B2900249CE9 /* Project object */ = {
			isa = PBXProject;
			attributes = {
				LastUpgradeCheck = 1150;
				ORGANIZATIONNAME = danielsalinas;
				TargetAttributes = {
					6F729FC124AE4B2900249CE9 = {
						CreatedOnToolsVersion = 11.5;
					};
				};
			};
			buildConfigurationList = 6F729FBD24AE4B2900249CE9 /* Build configuration list for PBXProject "ObjectiveCTest" */;
			compatibilityVersion = "Xcode 9.3";
			developmentRegion = en;
			hasScannedForEncodings = 0;
			knownRegions = (
				en,
				Base,
			);
			mainGroup = 6F729FB924AE4B2900249CE9;
			productRefGroup = 6F729FC324AE4B2900249CE9 /* Products */;
			projectDirPath = "";
			projectRoot = "";
			targets = (
				6F729FC124AE4B2900249CE9 /* ObjectiveCTest */,
			);
		};
/* End PBXProject section */

/* Begin PBXSourcesBuildPhase section */
		6F729FBE24AE4B2900249CE9 /* Sources */ = {
			isa = PBXSourcesBuildPhase;
			buildActionMask = 2147483647;
			files = (
				6F8AC0A724AFD9A3005104FD /* NSString+Trimming.m in Sources */,
				6F8AC0A124AF96AA005104FD /* Person.m in Sources */,
				6F729FC624AE4B2900249CE9 /* main.m in Sources */,
				6F8AC0A424AFA7B8005104FD /* AnotherPerson.m in Sources */,
			);
			runOnlyForDeploymentPostprocessing = 0;
		};
/* End PBXSourcesBuildPhase section */

/* Begin XCBuildConfiguration section */
		6F729FC724AE4B2900249CE9 /* Debug */ = {
			isa = XCBuildConfiguration;
			buildSettings = {
				ALWAYS_SEARCH_USER_PATHS = NO;
				CLANG_ANALYZER_NONNULL = YES;
				CLANG_ANALYZER_NUMBER_OBJECT_CONVERSION = YES_AGGRESSIVE;
				CLANG_CXX_LANGUAGE_STANDARD = "gnu++14";
				CLANG_CXX_LIBRARY = "libc++";
				CLANG_ENABLE_MODULES = YES;
				CLANG_ENABLE_OBJC_ARC = YES;
				CLANG_ENABLE_OBJC_WEAK = YES;
				CLANG_WARN_BLOCK_CAPTURE_AUTORELEASING = YES;
				CLANG_WARN_BOOL_CONVERSION = YES;
				CLANG_WARN_COMMA = YES;
				CLANG_WARN_CONSTANT_CONVERSION = YES;
				CLANG_WARN_DEPRECATED_OBJC_IMPLEMENTATIONS = YES;
				CLANG_WARN_DIRECT_OBJC_ISA_USAGE = YES_ERROR;
				CLANG_WARN_DOCUMENTATION_COMMENTS = YES;
				CLANG_WARN_EMPTY_BODY = YES;
				CLANG_WARN_ENUM_CONVERSION = YES;
				CLANG_WARN_INFINITE_RECURSION = YES;
				CLANG_WARN_INT_CONVERSION = YES;
				CLANG_WARN_NON_LITERAL_NULL_CONVERSION = YES;
				CLANG_WARN_OBJC_IMPLICIT_RETAIN_SELF = YES;
				CLANG_WARN_OBJC_LITERAL_CONVERSION = YES;
				CLANG_WARN_OBJC_ROOT_CLASS = YES_ERROR;
				CLANG_WARN_RANGE_LOOP_ANALYSIS = YES;
				CLANG_WARN_STRICT_PROTOTYPES = YES;
				CLANG_WARN_SUSPICIOUS_MOVE = YES;
				CLANG_WARN_UNGUARDED_AVAILABILITY = YES_AGGRESSIVE;
				CLANG_WARN_UNREACHABLE_CODE = YES;
				CLANG_WARN__DUPLICATE_METHOD_MATCH = YES;
				COPY_PHASE_STRIP = NO;
				DEBUG_INFORMATION_FORMAT = dwarf;
				ENABLE_STRICT_OBJC_MSGSEND = YES;
				ENABLE_TESTABILITY = YES;
				GCC_C_LANGUAGE_STANDARD = gnu11;
				GCC_DYNAMIC_NO_PIC = NO;
				GCC_NO_COMMON_BLOCKS = YES;
				GCC_OPTIMIZATION_LEVEL = 0;
				GCC_PREPROCESSOR_DEFINITIONS = (
					"DEBUG=1",
					"$(inherited)",
				);
				GCC_WARN_64_TO_32_BIT_CONVERSION = YES;
				GCC_WARN_ABOUT_RETURN_TYPE = YES_ERROR;
				GCC_WARN_UNDECLARED_SELECTOR = YES;
				GCC_WARN_UNINITIALIZED_AUTOS = YES_AGGRESSIVE;
				GCC_WARN_UNUSED_FUNCTION = YES;
				GCC_WARN_UNUSED_VARIABLE = YES;
				MACOSX_DEPLOYMENT_TARGET = 10.15;
				MTL_ENABLE_DEBUG_INFO = INCLUDE_SOURCE;
				MTL_FAST_MATH = YES;
				ONLY_ACTIVE_ARCH = YES;
				SDKROOT = macosx;
			};
			name = Debug;
		};
		6F729FC824AE4B2900249CE9 /* Release */ = {
			isa = XCBuildConfiguration;
			buildSettings = {
				ALWAYS_SEARCH_USER_PATHS = NO;
				CLANG_ANALYZER_NONNULL = YES;
				CLANG_ANALYZER_NUMBER_OBJECT_CONVERSION = YES_AGGRESSIVE;
				CLANG_CXX_LANGUAGE_STANDARD = "gnu++14";
				CLANG_CXX_LIBRARY = "libc++";
				CLANG_ENABLE_MODULES = YES;
				CLANG_ENABLE_OBJC_ARC = YES;
				CLANG_ENABLE_OBJC_WEAK = YES;
				CLANG_WARN_BLOCK_CAPTURE_AUTORELEASING = YES;
				CLANG_WARN_BOOL_CONVERSION = YES;
				CLANG_WARN_COMMA = YES;
				CLANG_WARN_CONSTANT_CONVERSION = YES;
				CLANG_WARN_DEPRECATED_OBJC_IMPLEMENTATIONS = YES;
				CLANG_WARN_DIRECT_OBJC_ISA_USAGE = YES_ERROR;
				CLANG_WARN_DOCUMENTATION_COMMENTS = YES;
				CLANG_WARN_EMPTY_BODY = YES;
				CLANG_WARN_ENUM_CONVERSION = YES;
				CLANG_WARN_INFINITE_RECURSION = YES;
				CLANG_WARN_INT_CONVERSION = YES;
				CLANG_WARN_NON_LITERAL_NULL_CONVERSION = YES;
				CLANG_WARN_OBJC_IMPLICIT_RETAIN_SELF = YES;
				CLANG_WARN_OBJC_LITERAL_CONVERSION = YES;
				CLANG_WARN_OBJC_ROOT_CLASS = YES_ERROR;
				CLANG_WARN_RANGE_LOOP_ANALYSIS = YES;
				CLANG_WARN_STRICT_PROTOTYPES = YES;
				CLANG_WARN_SUSPICIOUS_MOVE = YES;
				CLANG_WARN_UNGUARDED_AVAILABILITY = YES_AGGRESSIVE;
				CLANG_WARN_UNREACHABLE_CODE = YES;
				CLANG_WARN__DUPLICATE_METHOD_MATCH = YES;
				COPY_PHASE_STRIP = NO;
				DEBUG_INFORMATION_FORMAT = "dwarf-with-dsym";
				ENABLE_NS_ASSERTIONS = NO;
				ENABLE_STRICT_OBJC_MSGSEND = YES;
				GCC_C_LANGUAGE_STANDARD = gnu11;
				GCC_NO_COMMON_BLOCKS = YES;
				GCC_WARN_64_TO_32_BIT_CONVERSION = YES;
				GCC_WARN_ABOUT_RETURN_TYPE = YES_ERROR;
				GCC_WARN_UNDECLARED_SELECTOR = YES;
				GCC_WARN_UNINITIALIZED_AUTOS = YES_AGGRESSIVE;
				GCC_WARN_UNUSED_FUNCTION = YES;
				GCC_WARN_UNUSED_VARIABLE = YES;
				MACOSX_DEPLOYMENT_TARGET = 10.15;
				MTL_ENABLE_DEBUG_INFO = NO;
				MTL_FAST_MATH = YES;
				SDKROOT = macosx;
			};
			name = Release;
		};
		6F729FCA24AE4B2900249CE9 /* Debug */ = {
			isa = XCBuildConfiguration;
			buildSettings = {
				CODE_SIGN_STYLE = Automatic;
				DEVELOPMENT_TEAM = NZ62TX5ZW3;
				ENABLE_HARDENED_RUNTIME = YES;
				PRODUCT_NAME = "$(TARGET_NAME)";
			};
			name = Debug;
		};
		6F729FCB24AE4B2900249CE9 /* Release */ = {
			isa = XCBuildConfiguration;
			buildSettings = {
				CODE_SIGN_STYLE = Automatic;
				DEVELOPMENT_TEAM = NZ62TX5ZW3;
				ENABLE_HARDENED_RUNTIME = YES;
				PRODUCT_NAME = "$(TARGET_NAME)";
			};
			name = Release;
		};
/* End XCBuildConfiguration section */

/* Begin XCConfigurationList section */
		6F729FBD24AE4B2900249CE9 /* Build configuration list for PBXProject "ObjectiveCTest" */ = {
			isa = XCConfigurationList;
			buildConfigurations = (
				6F729FC724AE4B2900249CE9 /* Debug */,
				6F729FC824AE4B2900249CE9 /* Release */,
			);
			defaultConfigurationIsVisible = 0;
			defaultConfigurationName = Release;
		};
		6F729FC924AE4B2900249CE9 /* Build configuration list for PBXNativeTarget "ObjectiveCTest" */ = {
			isa = XCConfigurationList;
			buildConfigurations = (
				6F729FCA24AE4B2900249CE9 /* Debug */,
				6F729FCB24AE4B2900249CE9 /* Release */,
			);
			defaultConfigurationIsVisible = 0;
			defaultConfigurationName = Release;
		};
/* End XCConfigurationList section */
	};
	rootObject = 6F729FBA24AE4B2900249CE9 /* Project object */;
}
