// !$*UTF8*$!
{
	archiveVersion = 1;
	classes = {
	};
	objectVersion = 50;
	objects = {

/* Begin PBXBuildFile section */
		6F8AC0B524AFEC69005104FD /* main.m in Sources */ = {isa = PBXBuildFile; fileRef = 6F8AC0B424AFEC69005104FD /* main.m */; };
		6F8AC0BD24AFED43005104FD /* SFQuote.m in Sources */ = {isa = PBXBuildFile; fileRef = 6F8AC0BC24AFED43005104FD /* SFQuote.m */; };
		6F8AC0C024AFEEAB005104FD /* SFApp.m in Sources */ = {isa = PBXBuildFile; fileRef = 6F8AC0BF24AFEEAB005104FD /* SFApp.m */; };
/* End PBXBuildFile section */

/* Begin PBXCopyFilesBuildPhase section */
		6F8AC0AF24AFEC69005104FD /* CopyFiles */ = {
			isa = PBXCopyFilesBuildPhase;
			buildActionMask = 2147483647;
			dstPath = /usr/share/man/man1/;
			dstSubfolderSpec = 0;
			files = (
			);
			runOnlyForDeploymentPostprocessing = 1;
		};
/* End PBXCopyFilesBuildPhase section */

/* Begin PBXFileReference section */
		6F8AC0B124AFEC69005104FD /* SciFiQuotes */ = {isa = PBXFileReference; explicitFileType = "compiled.mach-o.executable"; includeInIndex = 0; path = SciFiQuotes; sourceTree = BUILT_PRODUCTS_DIR; };
		6F8AC0B424AFEC69005104FD /* main.m */ = {isa = PBXFileReference; lastKnownFileType = sourcecode.c.objc; path = main.m; sourceTree = "<group>"; };
		6F8AC0BB24AFED43005104FD /* SFQuote.h */ = {isa = PBXFileReference; lastKnownFileType = sourcecode.c.h; path = SFQuote.h; sourceTree = "<group>"; };
		6F8AC0BC24AFED43005104FD /* SFQuote.m */ = {isa = PBXFileReference; lastKnownFileType = sourcecode.c.objc; path = SFQuote.m; sourceTree = "<group>"; };
		6F8AC0BE24AFEEAB005104FD /* SFApp.h */ = {isa = PBXFileReference; lastKnownFileType = sourcecode.c.h; path = SFApp.h; sourceTree = "<group>"; };
		6F8AC0BF24AFEEAB005104FD /* SFApp.m */ = {isa = PBXFileReference; lastKnownFileType = sourcecode.c.objc; path = SFApp.m; sourceTree = "<group>"; };
/* End PBXFileReference section */

/* Begin PBXFrameworksBuildPhase section */
		6F8AC0AE24AFEC69005104FD /* Frameworks */ = {
			isa = PBXFrameworksBuildPhase;
			buildActionMask = 2147483647;
			files = (
			);
			runOnlyForDeploymentPostprocessing = 0;
		};
/* End PBXFrameworksBuildPhase section */

/* Begin PBXGroup section */
		6F8AC0A824AFEC69005104FD = {
			isa = PBXGroup;
			children = (
				6F8AC0B324AFEC69005104FD /* SciFiQuotes */,
				6F8AC0B224AFEC69005104FD /* Products */,
			);
			sourceTree = "<group>";
		};
		6F8AC0B224AFEC69005104FD /* Products */ = {
			isa = PBXGroup;
			children = (
				6F8AC0B124AFEC69005104FD /* SciFiQuotes */,
			);
			name = Products;
			sourceTree = "<group>";
		};
		6F8AC0B324AFEC69005104FD /* SciFiQuotes */ = {
			isa = PBXGroup;
			children = (
				6F8AC0B424AFEC69005104FD /* main.m */,
				6F8AC0BB24AFED43005104FD /* SFQuote.h */,
				6F8AC0BC24AFED43005104FD /* SFQuote.m */,
				6F8AC0BE24AFEEAB005104FD /* SFApp.h */,
				6F8AC0BF24AFEEAB005104FD /* SFApp.m */,
			);
			path = SciFiQuotes;
			sourceTree = "<group>";
		};
/* End PBXGroup section */

/* Begin PBXNativeTarget section */
		6F8AC0B024AFEC69005104FD /* SciFiQuotes */ = {
			isa = PBXNativeTarget;
			buildConfigurationList = 6F8AC0B824AFEC69005104FD /* Build configuration list for PBXNativeTarget "SciFiQuotes" */;
			buildPhases = (
				6F8AC0AD24AFEC69005104FD /* Sources */,
				6F8AC0AE24AFEC69005104FD /* Frameworks */,
				6F8AC0AF24AFEC69005104FD /* CopyFiles */,
			);
			buildRules = (
			);
			dependencies = (
			);
			name = SciFiQuotes;
			productName = SciFiQuotes;
			productReference = 6F8AC0B124AFEC69005104FD /* SciFiQuotes */;
			productType = "com.apple.product-type.tool";
		};
/* End PBXNativeTarget section */

/* Begin PBXProject section */
		6F8AC0A924AFEC69005104FD /* Project object */ = {
			isa = PBXProject;
			attributes = {
				LastUpgradeCheck = 1150;
				ORGANIZATIONNAME = danielsalinas;
				TargetAttributes = {
					6F8AC0B024AFEC69005104FD = {
						CreatedOnToolsVersion = 11.5;
					};
				};
			};
			buildConfigurationList = 6F8AC0AC24AFEC69005104FD /* Build configuration list for PBXProject "SciFiQuotes" */;
			compatibilityVersion = "Xcode 9.3";
			developmentRegion = en;
			hasScannedForEncodings = 0;
			knownRegions = (
				en,
				Base,
			);
			mainGroup = 6F8AC0A824AFEC69005104FD;
			productRefGroup = 6F8AC0B224AFEC69005104FD /* Products */;
			projectDirPath = "";
			projectRoot = "";
			targets = (
				6F8AC0B024AFEC69005104FD /* SciFiQuotes */,
			);
		};
/* End PBXProject section */

/* Begin PBXSourcesBuildPhase section */
		6F8AC0AD24AFEC69005104FD /* Sources */ = {
			isa = PBXSourcesBuildPhase;
			buildActionMask = 2147483647;
			files = (
				6F8AC0C024AFEEAB005104FD /* SFApp.m in Sources */,
				6F8AC0B524AFEC69005104FD /* main.m in Sources */,
				6F8AC0BD24AFED43005104FD /* SFQuote.m in Sources */,
			);
			runOnlyForDeploymentPostprocessing = 0;
		};
/* End PBXSourcesBuildPhase section */

/* Begin XCBuildConfiguration section */
		6F8AC0B624AFEC69005104FD /* Debug */ = {
			isa = XCBuildConfiguration;
			buildSettings = {
				ALWAYS_SEARCH_USER_PATHS = NO;
				CLANG_ANALYZER_NONNULL = YES;
				CLANG_ANALYZER_NUMBER_OBJECT_CONVERSION = YES_AGGRESSIVE;
				CLANG_CXX_LANGUAGE_STANDARD = "gnu++14";
				CLANG_CXX_LIBRARY = "libc++";
				CLANG_ENABLE_MODULES = YES;
				CLANG_ENABLE_OBJC_ARC = YES;
				CLANG_ENABLE_OBJC_WEAK = YES;
				CLANG_WARN_BLOCK_CAPTURE_AUTORELEASING = YES;
				CLANG_WARN_BOOL_CONVERSION = YES;
				CLANG_WARN_COMMA = YES;
				CLANG_WARN_CONSTANT_CONVERSION = YES;
				CLANG_WARN_DEPRECATED_OBJC_IMPLEMENTATIONS = YES;
				CLANG_WARN_DIRECT_OBJC_ISA_USAGE = YES_ERROR;
				CLANG_WARN_DOCUMENTATION_COMMENTS = YES;
				CLANG_WARN_EMPTY_BODY = YES;
				CLANG_WARN_ENUM_CONVERSION = YES;
				CLANG_WARN_INFINITE_RECURSION = YES;
				CLANG_WARN_INT_CONVERSION = YES;
				CLANG_WARN_NON_LITERAL_NULL_CONVERSION = YES;
				CLANG_WARN_OBJC_IMPLICIT_RETAIN_SELF = YES;
				CLANG_WARN_OBJC_LITERAL_CONVERSION = YES;
				CLANG_WARN_OBJC_ROOT_CLASS = YES_ERROR;
				CLANG_WARN_RANGE_LOOP_ANALYSIS = YES;
				CLANG_WARN_STRICT_PROTOTYPES = YES;
				CLANG_WARN_SUSPICIOUS_MOVE = YES;
				CLANG_WARN_UNGUARDED_AVAILABILITY = YES_AGGRESSIVE;
				CLANG_WARN_UNREACHABLE_CODE = YES;
				CLANG_WARN__DUPLICATE_METHOD_MATCH = YES;
				COPY_PHASE_STRIP = NO;
				DEBUG_INFORMATION_FORMAT = dwarf;
				ENABLE_STRICT_OBJC_MSGSEND = YES;
				ENABLE_TESTABILITY = YES;
				GCC_C_LANGUAGE_STANDARD = gnu11;
				GCC_DYNAMIC_NO_PIC = NO;
				GCC_NO_COMMON_BLOCKS = YES;
				GCC_OPTIMIZATION_LEVEL = 0;
				GCC_PREPROCESSOR_DEFINITIONS = (
					"DEBUG=1",
					"$(inherited)",
				);
				GCC_WARN_64_TO_32_BIT_CONVERSION = YES;
				GCC_WARN_ABOUT_RETURN_TYPE = YES_ERROR;
				GCC_WARN_UNDECLARED_SELECTOR = YES;
				GCC_WARN_UNINITIALIZED_AUTOS = YES_AGGRESSIVE;
				GCC_WARN_UNUSED_FUNCTION = YES;
				GCC_WARN_UNUSED_VARIABLE = YES;
				MACOSX_DEPLOYMENT_TARGET = 10.15;
				MTL_ENABLE_DEBUG_INFO = INCLUDE_SOURCE;
				MTL_FAST_MATH = YES;
				ONLY_ACTIVE_ARCH = YES;
				SDKROOT = macosx;
			};
			name = Debug;
		};
		6F8AC0B724AFEC69005104FD /* Release */ = {
			isa = XCBuildConfiguration;
			buildSettings = {
				ALWAYS_SEARCH_USER_PATHS = NO;
				CLANG_ANALYZER_NONNULL = YES;
				CLANG_ANALYZER_NUMBER_OBJECT_CONVERSION = YES_AGGRESSIVE;
				CLANG_CXX_LANGUAGE_STANDARD = "gnu++14";
				CLANG_CXX_LIBRARY = "libc++";
				CLANG_ENABLE_MODULES = YES;
				CLANG_ENABLE_OBJC_ARC = YES;
				CLANG_ENABLE_OBJC_WEAK = YES;
				CLANG_WARN_BLOCK_CAPTURE_AUTORELEASING = YES;
				CLANG_WARN_BOOL_CONVERSION = YES;
				CLANG_WARN_COMMA = YES;
				CLANG_WARN_CONSTANT_CONVERSION = YES;
				CLANG_WARN_DEPRECATED_OBJC_IMPLEMENTATIONS = YES;
				CLANG_WARN_DIRECT_OBJC_ISA_USAGE = YES_ERROR;
				CLANG_WARN_DOCUMENTATION_COMMENTS = YES;
				CLANG_WARN_EMPTY_BODY = YES;
				CLANG_WARN_ENUM_CONVERSION = YES;
				CLANG_WARN_INFINITE_RECURSION = YES;
				CLANG_WARN_INT_CONVERSION = YES;
				CLANG_WARN_NON_LITERAL_NULL_CONVERSION = YES;
				CLANG_WARN_OBJC_IMPLICIT_RETAIN_SELF = YES;
				CLANG_WARN_OBJC_LITERAL_CONVERSION = YES;
				CLANG_WARN_OBJC_ROOT_CLASS = YES_ERROR;
				CLANG_WARN_RANGE_LOOP_ANALYSIS = YES;
				CLANG_WARN_STRICT_PROTOTYPES = YES;
				CLANG_WARN_SUSPICIOUS_MOVE = YES;
				CLANG_WARN_UNGUARDED_AVAILABILITY = YES_AGGRESSIVE;
				CLANG_WARN_UNREACHABLE_CODE = YES;
				CLANG_WARN__DUPLICATE_METHOD_MATCH = YES;
				COPY_PHASE_STRIP = NO;
				DEBUG_INFORMATION_FORMAT = "dwarf-with-dsym";
				ENABLE_NS_ASSERTIONS = NO;
				ENABLE_STRICT_OBJC_MSGSEND = YES;
				GCC_C_LANGUAGE_STANDARD = gnu11;
				GCC_NO_COMMON_BLOCKS = YES;
				GCC_WARN_64_TO_32_BIT_CONVERSION = YES;
				GCC_WARN_ABOUT_RETURN_TYPE = YES_ERROR;
				GCC_WARN_UNDECLARED_SELECTOR = YES;
				GCC_WARN_UNINITIALIZED_AUTOS = YES_AGGRESSIVE;
				GCC_WARN_UNUSED_FUNCTION = YES;
				GCC_WARN_UNUSED_VARIABLE = YES;
				MACOSX_DEPLOYMENT_TARGET = 10.15;
				MTL_ENABLE_DEBUG_INFO = NO;
				MTL_FAST_MATH = YES;
				SDKROOT = macosx;
			};
			name = Release;
		};
		6F8AC0B924AFEC69005104FD /* Debug */ = {
			isa = XCBuildConfiguration;
			buildSettings = {
				CODE_SIGN_STYLE = Automatic;
				DEVELOPMENT_TEAM = NZ62TX5ZW3;
				ENABLE_HARDENED_RUNTIME = YES;
				PRODUCT_NAME = "$(TARGET_NAME)";
			};
			name = Debug;
		};
		6F8AC0BA24AFEC69005104FD /* Release */ = {
			isa = XCBuildConfiguration;
			buildSettings = {
				CODE_SIGN_STYLE = Automatic;
				DEVELOPMENT_TEAM = NZ62TX5ZW3;
				ENABLE_HARDENED_RUNTIME = YES;
				PRODUCT_NAME = "$(TARGET_NAME)";
			};
			name = Release;
		};
/* End XCBuildConfiguration section */

/* Begin XCConfigurationList section */
		6F8AC0AC24AFEC69005104FD /* Build configuration list for PBXProject "SciFiQuotes" */ = {
			isa = XCConfigurationList;
			buildConfigurations = (
				6F8AC0B624AFEC69005104FD /* Debug */,
				6F8AC0B724AFEC69005104FD /* Release */,
			);
			defaultConfigurationIsVisible = 0;
			defaultConfigurationName = Release;
		};
		6F8AC0B824AFEC69005104FD /* Build configuration list for PBXNativeTarget "SciFiQuotes" */ = {
			isa = XCConfigurationList;
			buildConfigurations = (
				6F8AC0B924AFEC69005104FD /* Debug */,
				6F8AC0BA24AFEC69005104FD /* Release */,
			);
			defaultConfigurationIsVisible = 0;
			defaultConfigurationName = Release;
		};
/* End XCConfigurationList section */
	};
	rootObject = 6F8AC0A924AFEC69005104FD /* Project object */;
}
